
Microsoft Visual Studio Solution File, Format Version 11.00
# Visual Studio 2010
Project("{FAE04EC0-301F-11D3-BF4B-00C04F79EFBC}") = "Assembly-CSharp", "Assembly-CSharp.csproj", "{614ECC2E-7DC3-E0A5-A449-7E81273E5016}"
EndProject
Project("{FAE04EC0-301F-11D3-BF4B-00C04F79EFBC}") = "Assembly-CSharp-firstpass", "Assembly-CSharp-firstpass.csproj", "{317FF6C4-F940-D6D1-7359-B836DDBAEE63}"
EndProject
Project("{FAE04EC0-301F-11D3-BF4B-00C04F79EFBC}") = "Assembly-CSharp-Editor-firstpass", "Assembly-CSharp-Editor-firstpass.csproj", "{82CB5DB9-24C5-B800-1202-F433ABC71F75}"
EndProject
Project("{FAE04EC0-301F-11D3-BF4B-00C04F79EFBC}") = "Assembly-CSharp-Editor", "Assembly-CSharp-Editor.csproj", "{3DA99CF2-5003-76A3-0041-67E7D07C5AC5}"
EndProject
Global
	GlobalSection(SolutionConfigurationPlatforms) = preSolution
		Debug|Any CPU = Debug|Any CPU
		Release|Any CPU = Release|Any CPU
	EndGlobalSection
	GlobalSection(ProjectConfigurationPlatforms) = postSolution
		{614ECC2E-7DC3-E0A5-A449-7E81273E5016}.Debug|Any CPU.ActiveCfg = Debug|Any CPU
		{614ECC2E-7DC3-E0A5-A449-7E81273E5016}.Debug|Any CPU.Build.0 = Debug|Any CPU
		{614ECC2E-7DC3-E0A5-A449-7E81273E5016}.Release|Any CPU.ActiveCfg = Release|Any CPU
		{614ECC2E-7DC3-E0A5-A449-7E81273E5016}.Release|Any CPU.Build.0 = Release|Any CPU
		{317FF6C4-F940-D6D1-7359-B836DDBAEE63}.Debug|Any CPU.ActiveCfg = Debug|Any CPU
		{317FF6C4-F940-D6D1-7359-B836DDBAEE63}.Debug|Any CPU.Build.0 = Debug|Any CPU
		{317FF6C4-F940-D6D1-7359-B836DDBAEE63}.Release|Any CPU.ActiveCfg = Release|Any CPU
		{317FF6C4-F940-D6D1-7359-B836DDBAEE63}.Release|Any CPU.Build.0 = Release|Any CPU
		{82CB5DB9-24C5-B800-1202-F433ABC71F75}.Debug|Any CPU.ActiveCfg = Debug|Any CPU
		{82CB5DB9-24C5-B800-1202-F433ABC71F75}.Debug|Any CPU.Build.0 = Debug|Any CPU
		{82CB5DB9-24C5-B800-1202-F433ABC71F75}.Release|Any CPU.ActiveCfg = Release|Any CPU
		{82CB5DB9-24C5-B800-1202-F433ABC71F75}.Release|Any CPU.Build.0 = Release|Any CPU
		{3DA99CF2-5003-76A3-0041-67E7D07C5AC5}.Debug|Any CPU.ActiveCfg = Debug|Any CPU
		{3DA99CF2-5003-76A3-0041-67E7D07C5AC5}.Debug|Any CPU.Build.0 = Debug|Any CPU
		{3DA99CF2-5003-76A3-0041-67E7D07C5AC5}.Release|Any CPU.ActiveCfg = Release|Any CPU
		{3DA99CF2-5003-76A3-0041-67E7D07C5AC5}.Release|Any CPU.Build.0 = Release|Any CPU
	EndGlobalSection
	GlobalSection(SolutionProperties) = preSolution
		HideSolutionNode = FALSE
	EndGlobalSection
	GlobalSection(MonoDevelopProperties) = preSolution
		StartupItem = Assembly-CSharp.csproj
	EndGlobalSection
EndGlobal
