
Microsoft Visual Studio Solution File, Format Version 11.00
# Visual Studio 2010
Project("{FAE04EC0-301F-11D3-BF4B-00C04F79EFBC}") = "Assembly-CSharp", "Assembly-CSharp.csproj", "{9BF81FC0-9C94-DAF2-3F94-F7D5BFC1E6E9}"
EndProject
Project("{FAE04EC0-301F-11D3-BF4B-00C04F79EFBC}") = "Assembly-CSharp-firstpass", "Assembly-CSharp-firstpass.csproj", "{FEFCA943-5E28-9A66-C3ED-CD94C6C20B3D}"
EndProject
Project("{FAE04EC0-301F-11D3-BF4B-00C04F79EFBC}") = "Assembly-CSharp-Editor-firstpass", "Assembly-CSharp-Editor-firstpass.csproj", "{EF52C1D4-A7FB-1906-F93B-92007E748171}"
EndProject
Project("{FAE04EC0-301F-11D3-BF4B-00C04F79EFBC}") = "Assembly-CSharp-Editor", "Assembly-CSharp-Editor.csproj", "{4E490C25-4F6F-89EE-3B0C-BEBAC1A8B438}"
EndProject
Global
	GlobalSection(SolutionConfigurationPlatforms) = preSolution
		Debug|Any CPU = Debug|Any CPU
		Release|Any CPU = Release|Any CPU
	EndGlobalSection
	GlobalSection(ProjectConfigurationPlatforms) = postSolution
		{9BF81FC0-9C94-DAF2-3F94-F7D5BFC1E6E9}.Debug|Any CPU.ActiveCfg = Debug|Any CPU
		{9BF81FC0-9C94-DAF2-3F94-F7D5BFC1E6E9}.Debug|Any CPU.Build.0 = Debug|Any CPU
		{9BF81FC0-9C94-DAF2-3F94-F7D5BFC1E6E9}.Release|Any CPU.ActiveCfg = Release|Any CPU
		{9BF81FC0-9C94-DAF2-3F94-F7D5BFC1E6E9}.Release|Any CPU.Build.0 = Release|Any CPU
		{FEFCA943-5E28-9A66-C3ED-CD94C6C20B3D}.Debug|Any CPU.ActiveCfg = Debug|Any CPU
		{FEFCA943-5E28-9A66-C3ED-CD94C6C20B3D}.Debug|Any CPU.Build.0 = Debug|Any CPU
		{FEFCA943-5E28-9A66-C3ED-CD94C6C20B3D}.Release|Any CPU.ActiveCfg = Release|Any CPU
		{FEFCA943-5E28-9A66-C3ED-CD94C6C20B3D}.Release|Any CPU.Build.0 = Release|Any CPU
		{EF52C1D4-A7FB-1906-F93B-92007E748171}.Debug|Any CPU.ActiveCfg = Debug|Any CPU
		{EF52C1D4-A7FB-1906-F93B-92007E748171}.Debug|Any CPU.Build.0 = Debug|Any CPU
		{EF52C1D4-A7FB-1906-F93B-92007E748171}.Release|Any CPU.ActiveCfg = Release|Any CPU
		{EF52C1D4-A7FB-1906-F93B-92007E748171}.Release|Any CPU.Build.0 = Release|Any CPU
		{4E490C25-4F6F-89EE-3B0C-BEBAC1A8B438}.Debug|Any CPU.ActiveCfg = Debug|Any CPU
		{4E490C25-4F6F-89EE-3B0C-BEBAC1A8B438}.Debug|Any CPU.Build.0 = Debug|Any CPU
		{4E490C25-4F6F-89EE-3B0C-BEBAC1A8B438}.Release|Any CPU.ActiveCfg = Release|Any CPU
		{4E490C25-4F6F-89EE-3B0C-BEBAC1A8B438}.Release|Any CPU.Build.0 = Release|Any CPU
	EndGlobalSection
	GlobalSection(SolutionProperties) = preSolution
		HideSolutionNode = FALSE
	EndGlobalSection
	GlobalSection(MonoDevelopProperties) = preSolution
		StartupItem = Assembly-CSharp.csproj
	EndGlobalSection
EndGlobal
